
Microsoft Visual Studio Solution File, Format Version 12.00
# Visual Studio Version 16
VisualStudioVersion = 16.0.29306.81
MinimumVisualStudioVersion = 10.0.40219.1
Project("{FAE04EC0-301F-11D3-BF4B-00C04F79EFBC}") = "AdConnect", "AdConnect.csproj", "{C0DBD873-7C64-42F0-BB0F-C7EEAE2F66FC}"
EndProject
Global
	GlobalSection(SolutionConfigurationPlatforms) = preSolution
		Debug|Any CPU = Debug|Any CPU
		Release|Any CPU = Release|Any CPU
	EndGlobalSection
	GlobalSection(ProjectConfigurationPlatforms) = postSolution
		{C0DBD873-7C64-42F0-BB0F-C7EEAE2F66FC}.Debug|Any CPU.ActiveCfg = Debug|Any CPU
		{C0DBD873-7C64-42F0-BB0F-C7EEAE2F66FC}.Debug|Any CPU.Build.0 = Debug|Any CPU
		{C0DBD873-7C64-42F0-BB0F-C7EEAE2F66FC}.Release|Any CPU.ActiveCfg = Release|Any CPU
		{C0DBD873-7C64-42F0-BB0F-C7EEAE2F66FC}.Release|Any CPU.Build.0 = Release|Any CPU
	EndGlobalSection
	GlobalSection(SolutionProperties) = preSolution
		HideSolutionNode = FALSE
	EndGlobalSection
	GlobalSection(ExtensibilityGlobals) = postSolution
		SolutionGuid = {3BF97D2C-232C-4EE4-BF02-73A7C608795E}
	EndGlobalSection
EndGlobal
